# This file is automatically @generated by Cargo.
# It is not intended for manual editing.
version = 3

[[package]]
name = "day07"
version = "0.1.0"
dependencies = [
 "vec2d",
]

[[package]]
name = "vec2d"
version = "0.3.0"
source = "registry+https://github.com/rust-lang/crates.io-index"
checksum = "8078d1a3c44555d2bd923cf7a5096d3467edc37b4e17d594fc1ac7b6debee425"
